
Microsoft Visual Studio Solution File, Format Version 12.00
# Visual Studio Version 17
VisualStudioVersion = 17.10.34916.146
MinimumVisualStudioVersion = 10.0.40219.1
Project("{2150E333-8FDC-42A3-9474-1A3956D46DE8}") = "src", "src", "{7F553608-3FAF-4589-A004-A13B3BEFCCFB}"
EndProject
Project("{2150E333-8FDC-42A3-9474-1A3956D46DE8}") = "tests", "tests", "{210B303C-86B8-48F0-83EA-BB7ACF2894D4}"
EndProject
Project("{9A19103F-16F7-4668-BE54-9A1E7A4F7556}") = "FinancialManagement.Domain", "src\FinancialManagement.Domain\FinancialManagement.Domain.csproj", "{6990BF8D-281E-45EC-9AB9-1D3100F6B624}"
EndProject
Project("{9A19103F-16F7-4668-BE54-9A1E7A4F7556}") = "FinancialManagement.Domain.Tests", "tests\FinancialManagement.Domain.Tests\FinancialManagement.Domain.Tests.csproj", "{E2A74EB1-CE2E-494B-8A0C-A5D0821F5C56}"
EndProject
Project("{9A19103F-16F7-4668-BE54-9A1E7A4F7556}") = "FinancialManagement.Infra.Data", "src\FinancialManagement.Infra.Data\FinancialManagement.Infra.Data.csproj", "{808EA0FC-EBCA-4A56-A1C3-A1D881AFBEE0}"
EndProject
Project("{9A19103F-16F7-4668-BE54-9A1E7A4F7556}") = "FinancialManagement.Infra.Data.Tests", "tests\FinancialManagement.Infra.Data.Tests\FinancialManagement.Infra.Data.Tests.csproj", "{E9C0CE03-6A5F-44CE-8039-CA29AA78A6E9}"
EndProject
Project("{9A19103F-16F7-4668-BE54-9A1E7A4F7556}") = "FinancialManagement.Infra.IoC", "src\FinancialManagement.Infra.IoC\FinancialManagement.Infra.IoC.csproj", "{ED83314A-36B1-4454-9380-2C911BA570AB}"
EndProject
Project("{9A19103F-16F7-4668-BE54-9A1E7A4F7556}") = "FinancialManagement.Application", "src\FinancialManagement.Application\FinancialManagement.Application.csproj", "{117B0ADC-39CB-412D-8C2F-D0A1D7438E23}"
EndProject
Project("{9A19103F-16F7-4668-BE54-9A1E7A4F7556}") = "FinancialManagement.Application.Tests", "tests\FinancialManagement.Application.Tests\FinancialManagement.Application.Tests.csproj", "{B175EBD3-EBB4-4BAD-87FD-0FB82D94F2D5}"
EndProject
Project("{9A19103F-16F7-4668-BE54-9A1E7A4F7556}") = "FinancialManagement.Api.Tests", "tests\FinancialManagement.Api.Tests\FinancialManagement.Api.Tests.csproj", "{8A843BFE-1C92-4348-9447-0E519F6EED26}"
EndProject
Project("{FAE04EC0-301F-11D3-BF4B-00C04F79EFBC}") = "FinancialManagement.Api", "src\FinancialManagement.Api\FinancialManagement.Api.csproj", "{495BE4D7-DC4B-4570-8219-6936068DAEDA}"
EndProject
Global
	GlobalSection(SolutionConfigurationPlatforms) = preSolution
		Debug|Any CPU = Debug|Any CPU
		Release|Any CPU = Release|Any CPU
	EndGlobalSection
	GlobalSection(ProjectConfigurationPlatforms) = postSolution
		{6990BF8D-281E-45EC-9AB9-1D3100F6B624}.Debug|Any CPU.ActiveCfg = Debug|Any CPU
		{6990BF8D-281E-45EC-9AB9-1D3100F6B624}.Debug|Any CPU.Build.0 = Debug|Any CPU
		{6990BF8D-281E-45EC-9AB9-1D3100F6B624}.Release|Any CPU.ActiveCfg = Release|Any CPU
		{6990BF8D-281E-45EC-9AB9-1D3100F6B624}.Release|Any CPU.Build.0 = Release|Any CPU
		{E2A74EB1-CE2E-494B-8A0C-A5D0821F5C56}.Debug|Any CPU.ActiveCfg = Debug|Any CPU
		{E2A74EB1-CE2E-494B-8A0C-A5D0821F5C56}.Debug|Any CPU.Build.0 = Debug|Any CPU
		{E2A74EB1-CE2E-494B-8A0C-A5D0821F5C56}.Release|Any CPU.ActiveCfg = Release|Any CPU
		{E2A74EB1-CE2E-494B-8A0C-A5D0821F5C56}.Release|Any CPU.Build.0 = Release|Any CPU
		{808EA0FC-EBCA-4A56-A1C3-A1D881AFBEE0}.Debug|Any CPU.ActiveCfg = Debug|Any CPU
		{808EA0FC-EBCA-4A56-A1C3-A1D881AFBEE0}.Debug|Any CPU.Build.0 = Debug|Any CPU
		{808EA0FC-EBCA-4A56-A1C3-A1D881AFBEE0}.Release|Any CPU.ActiveCfg = Release|Any CPU
		{808EA0FC-EBCA-4A56-A1C3-A1D881AFBEE0}.Release|Any CPU.Build.0 = Release|Any CPU
		{E9C0CE03-6A5F-44CE-8039-CA29AA78A6E9}.Debug|Any CPU.ActiveCfg = Debug|Any CPU
		{E9C0CE03-6A5F-44CE-8039-CA29AA78A6E9}.Debug|Any CPU.Build.0 = Debug|Any CPU
		{E9C0CE03-6A5F-44CE-8039-CA29AA78A6E9}.Release|Any CPU.ActiveCfg = Release|Any CPU
		{E9C0CE03-6A5F-44CE-8039-CA29AA78A6E9}.Release|Any CPU.Build.0 = Release|Any CPU
		{ED83314A-36B1-4454-9380-2C911BA570AB}.Debug|Any CPU.ActiveCfg = Debug|Any CPU
		{ED83314A-36B1-4454-9380-2C911BA570AB}.Debug|Any CPU.Build.0 = Debug|Any CPU
		{ED83314A-36B1-4454-9380-2C911BA570AB}.Release|Any CPU.ActiveCfg = Release|Any CPU
		{ED83314A-36B1-4454-9380-2C911BA570AB}.Release|Any CPU.Build.0 = Release|Any CPU
		{117B0ADC-39CB-412D-8C2F-D0A1D7438E23}.Debug|Any CPU.ActiveCfg = Debug|Any CPU
		{117B0ADC-39CB-412D-8C2F-D0A1D7438E23}.Debug|Any CPU.Build.0 = Debug|Any CPU
		{117B0ADC-39CB-412D-8C2F-D0A1D7438E23}.Release|Any CPU.ActiveCfg = Release|Any CPU
		{117B0ADC-39CB-412D-8C2F-D0A1D7438E23}.Release|Any CPU.Build.0 = Release|Any CPU
		{B175EBD3-EBB4-4BAD-87FD-0FB82D94F2D5}.Debug|Any CPU.ActiveCfg = Debug|Any CPU
		{B175EBD3-EBB4-4BAD-87FD-0FB82D94F2D5}.Debug|Any CPU.Build.0 = Debug|Any CPU
		{B175EBD3-EBB4-4BAD-87FD-0FB82D94F2D5}.Release|Any CPU.ActiveCfg = Release|Any CPU
		{B175EBD3-EBB4-4BAD-87FD-0FB82D94F2D5}.Release|Any CPU.Build.0 = Release|Any CPU
		{8A843BFE-1C92-4348-9447-0E519F6EED26}.Debug|Any CPU.ActiveCfg = Debug|Any CPU
		{8A843BFE-1C92-4348-9447-0E519F6EED26}.Debug|Any CPU.Build.0 = Debug|Any CPU
		{8A843BFE-1C92-4348-9447-0E519F6EED26}.Release|Any CPU.ActiveCfg = Release|Any CPU
		{8A843BFE-1C92-4348-9447-0E519F6EED26}.Release|Any CPU.Build.0 = Release|Any CPU
		{495BE4D7-DC4B-4570-8219-6936068DAEDA}.Debug|Any CPU.ActiveCfg = Debug|Any CPU
		{495BE4D7-DC4B-4570-8219-6936068DAEDA}.Debug|Any CPU.Build.0 = Debug|Any CPU
		{495BE4D7-DC4B-4570-8219-6936068DAEDA}.Release|Any CPU.ActiveCfg = Release|Any CPU
		{495BE4D7-DC4B-4570-8219-6936068DAEDA}.Release|Any CPU.Build.0 = Release|Any CPU
	EndGlobalSection
	GlobalSection(SolutionProperties) = preSolution
		HideSolutionNode = FALSE
	EndGlobalSection
	GlobalSection(NestedProjects) = preSolution
		{6990BF8D-281E-45EC-9AB9-1D3100F6B624} = {7F553608-3FAF-4589-A004-A13B3BEFCCFB}
		{E2A74EB1-CE2E-494B-8A0C-A5D0821F5C56} = {210B303C-86B8-48F0-83EA-BB7ACF2894D4}
		{808EA0FC-EBCA-4A56-A1C3-A1D881AFBEE0} = {7F553608-3FAF-4589-A004-A13B3BEFCCFB}
		{E9C0CE03-6A5F-44CE-8039-CA29AA78A6E9} = {210B303C-86B8-48F0-83EA-BB7ACF2894D4}
		{ED83314A-36B1-4454-9380-2C911BA570AB} = {7F553608-3FAF-4589-A004-A13B3BEFCCFB}
		{117B0ADC-39CB-412D-8C2F-D0A1D7438E23} = {7F553608-3FAF-4589-A004-A13B3BEFCCFB}
		{B175EBD3-EBB4-4BAD-87FD-0FB82D94F2D5} = {210B303C-86B8-48F0-83EA-BB7ACF2894D4}
		{8A843BFE-1C92-4348-9447-0E519F6EED26} = {210B303C-86B8-48F0-83EA-BB7ACF2894D4}
		{495BE4D7-DC4B-4570-8219-6936068DAEDA} = {7F553608-3FAF-4589-A004-A13B3BEFCCFB}
	EndGlobalSection
	GlobalSection(ExtensibilityGlobals) = postSolution
		SolutionGuid = {004B8062-F372-46B2-940D-CEB950E173ED}
	EndGlobalSection
EndGlobal
