
Microsoft Visual Studio Solution File, Format Version 12.00
# Visual Studio Version 17
VisualStudioVersion = 17.10.34916.146
MinimumVisualStudioVersion = 10.0.40219.1
Project("{2150E333-8FDC-42A3-9474-1A3956D46DE8}") = "src", "src", "{7F553608-3FAF-4589-A004-A13B3BEFCCFB}"
EndProject
Project("{2150E333-8FDC-42A3-9474-1A3956D46DE8}") = "tests", "tests", "{210B303C-86B8-48F0-83EA-BB7ACF2894D4}"
EndProject
Project("{9A19103F-16F7-4668-BE54-9A1E7A4F7556}") = "FinancialManagement.Domain", "src\FinancialManagement.Domain\FinancialManagement.Domain.csproj", "{6990BF8D-281E-45EC-9AB9-1D3100F6B624}"
EndProject
Project("{9A19103F-16F7-4668-BE54-9A1E7A4F7556}") = "FinancialManagement.Domain.Tests", "tests\FinancialManagement.Domain.Tests\FinancialManagement.Domain.Tests.csproj", "{E2A74EB1-CE2E-494B-8A0C-A5D0821F5C56}"
EndProject
Project("{FAE04EC0-301F-11D3-BF4B-00C04F79EFBC}") = "FinancialManagement.Infra.Data", "src\FinancialManagement.Infra.Data\FinancialManagement.Infra.Data.csproj", "{808EA0FC-EBCA-4A56-A1C3-A1D881AFBEE0}"
EndProject
Global
	GlobalSection(SolutionConfigurationPlatforms) = preSolution
		Debug|Any CPU = Debug|Any CPU
		Release|Any CPU = Release|Any CPU
	EndGlobalSection
	GlobalSection(ProjectConfigurationPlatforms) = postSolution
		{6990BF8D-281E-45EC-9AB9-1D3100F6B624}.Debug|Any CPU.ActiveCfg = Debug|Any CPU
		{6990BF8D-281E-45EC-9AB9-1D3100F6B624}.Debug|Any CPU.Build.0 = Debug|Any CPU
		{6990BF8D-281E-45EC-9AB9-1D3100F6B624}.Release|Any CPU.ActiveCfg = Release|Any CPU
		{6990BF8D-281E-45EC-9AB9-1D3100F6B624}.Release|Any CPU.Build.0 = Release|Any CPU
		{E2A74EB1-CE2E-494B-8A0C-A5D0821F5C56}.Debug|Any CPU.ActiveCfg = Debug|Any CPU
		{E2A74EB1-CE2E-494B-8A0C-A5D0821F5C56}.Debug|Any CPU.Build.0 = Debug|Any CPU
		{E2A74EB1-CE2E-494B-8A0C-A5D0821F5C56}.Release|Any CPU.ActiveCfg = Release|Any CPU
		{E2A74EB1-CE2E-494B-8A0C-A5D0821F5C56}.Release|Any CPU.Build.0 = Release|Any CPU
		{808EA0FC-EBCA-4A56-A1C3-A1D881AFBEE0}.Debug|Any CPU.ActiveCfg = Debug|Any CPU
		{808EA0FC-EBCA-4A56-A1C3-A1D881AFBEE0}.Debug|Any CPU.Build.0 = Debug|Any CPU
		{808EA0FC-EBCA-4A56-A1C3-A1D881AFBEE0}.Release|Any CPU.ActiveCfg = Release|Any CPU
		{808EA0FC-EBCA-4A56-A1C3-A1D881AFBEE0}.Release|Any CPU.Build.0 = Release|Any CPU
	EndGlobalSection
	GlobalSection(SolutionProperties) = preSolution
		HideSolutionNode = FALSE
	EndGlobalSection
	GlobalSection(NestedProjects) = preSolution
		{6990BF8D-281E-45EC-9AB9-1D3100F6B624} = {7F553608-3FAF-4589-A004-A13B3BEFCCFB}
		{E2A74EB1-CE2E-494B-8A0C-A5D0821F5C56} = {210B303C-86B8-48F0-83EA-BB7ACF2894D4}
		{808EA0FC-EBCA-4A56-A1C3-A1D881AFBEE0} = {7F553608-3FAF-4589-A004-A13B3BEFCCFB}
	EndGlobalSection
	GlobalSection(ExtensibilityGlobals) = postSolution
		SolutionGuid = {004B8062-F372-46B2-940D-CEB950E173ED}
	EndGlobalSection
EndGlobal
